// !$*UTF8*$!
{
	archiveVersion = 1;
	classes = {
	};
	objectVersion = 46;
	objects = {

/* Begin PBXBuildFile section */
		8164ECA415BBAB8C0076BF0B /* lightleak-1.jpg in Resources */ = {isa = PBXBuildFile; fileRef = 8164ECA215BBAB8C0076BF0B /* lightleak-1.jpg */; };
		8164ECA515BBAB8C0076BF0B /* lightleak-2.JPG in Resources */ = {isa = PBXBuildFile; fileRef = 8164ECA315BBAB8C0076BF0B /* lightleak-2.JPG */; };
		A4528F1215BB212500D675BC /* libFilterKit.a in Frameworks */ = {isa = PBXBuildFile; fileRef = A4E7043F15BB193F0036C98D /* libFilterKit.a */; };
		A4528F1515BB222F00D675BC /* OpenGLES.framework in Frameworks */ = {isa = PBXBuildFile; fileRef = A4528F1315BB222F00D675BC /* OpenGLES.framework */; };
		A4528F1615BB222F00D675BC /* QuartzCore.framework in Frameworks */ = {isa = PBXBuildFile; fileRef = A4528F1415BB222F00D675BC /* QuartzCore.framework */; };
		A4528F1815BB223C00D675BC /* CoreMedia.framework in Frameworks */ = {isa = PBXBuildFile; fileRef = A4528F1715BB223C00D675BC /* CoreMedia.framework */; };
		A4528F4215BB5F5400D675BC /* CoreVideo.framework in Frameworks */ = {isa = PBXBuildFile; fileRef = A4528F4115BB5F5400D675BC /* CoreVideo.framework */; };
		A4528F4415BB5F6000D675BC /* AVFoundation.framework in Frameworks */ = {isa = PBXBuildFile; fileRef = A4528F4315BB5F6000D675BC /* AVFoundation.framework */; };
		A4E7041715BB19210036C98D /* UIKit.framework in Frameworks */ = {isa = PBXBuildFile; fileRef = A4E7041615BB19210036C98D /* UIKit.framework */; };
		A4E7041915BB19210036C98D /* Foundation.framework in Frameworks */ = {isa = PBXBuildFile; fileRef = A4E7041815BB19210036C98D /* Foundation.framework */; };
		A4E7041B15BB19210036C98D /* CoreGraphics.framework in Frameworks */ = {isa = PBXBuildFile; fileRef = A4E7041A15BB19210036C98D /* CoreGraphics.framework */; };
		A4E7042115BB19210036C98D /* InfoPlist.strings in Resources */ = {isa = PBXBuildFile; fileRef = A4E7041F15BB19210036C98D /* InfoPlist.strings */; };
		A4E7042315BB19210036C98D /* main.m in Sources */ = {isa = PBXBuildFile; fileRef = A4E7042215BB19210036C98D /* main.m */; };
		A4E7042715BB19210036C98D /* AppDelegate.m in Sources */ = {isa = PBXBuildFile; fileRef = A4E7042615BB19210036C98D /* AppDelegate.m */; };
		A4E7042A15BB19210036C98D /* ViewController.m in Sources */ = {isa = PBXBuildFile; fileRef = A4E7042915BB19210036C98D /* ViewController.m */; };
		A4E7042D15BB19210036C98D /* ViewController.xib in Resources */ = {isa = PBXBuildFile; fileRef = A4E7042B15BB19210036C98D /* ViewController.xib */; };
		D063456715BB59330023A18B /* unfiltered@2x.jpg in Resources */ = {isa = PBXBuildFile; fileRef = D063456315BB59330023A18B /* unfiltered@2x.jpg */; };
		D09374A715BB845000719CF0 /* disk@2x.png in Resources */ = {isa = PBXBuildFile; fileRef = D09374A615BB845000719CF0 /* disk@2x.png */; };
		E44F2F0E15BB5AA800B4DDA7 /* cat_burger.jpg in Resources */ = {isa = PBXBuildFile; fileRef = E44F2F0D15BB5AA800B4DDA7 /* cat_burger.jpg */; };
		E44F2F1015BB629200B4DDA7 /* overlay.png in Resources */ = {isa = PBXBuildFile; fileRef = E44F2F0F15BB629200B4DDA7 /* overlay.png */; };
/* End PBXBuildFile section */

/* Begin PBXContainerItemProxy section */
		A4E7043E15BB193F0036C98D /* PBXContainerItemProxy */ = {
			isa = PBXContainerItemProxy;
			containerPortal = A4E7043315BB193F0036C98D /* FilterKit.xcodeproj */;
			proxyType = 2;
			remoteGlobalIDString = A4E703E615BB18120036C98D;
			remoteInfo = FilterKit;
		};
		A4E7044315BB194C0036C98D /* PBXContainerItemProxy */ = {
			isa = PBXContainerItemProxy;
			containerPortal = A4E7043315BB193F0036C98D /* FilterKit.xcodeproj */;
			proxyType = 1;
			remoteGlobalIDString = A4E703E515BB18120036C98D;
			remoteInfo = FilterKit;
		};
/* End PBXContainerItemProxy section */

/* Begin PBXFileReference section */
		8164ECA215BBAB8C0076BF0B /* lightleak-1.jpg */ = {isa = PBXFileReference; lastKnownFileType = image.jpeg; name = "lightleak-1.jpg"; path = "../../../../FilterKit/FilterKit/lightleak-1.jpg"; sourceTree = "<group>"; };
		8164ECA315BBAB8C0076BF0B /* lightleak-2.JPG */ = {isa = PBXFileReference; lastKnownFileType = image.jpeg; name = "lightleak-2.JPG"; path = "../../../../FilterKit/FilterKit/lightleak-2.JPG"; sourceTree = "<group>"; };
		A4528F1315BB222F00D675BC /* OpenGLES.framework */ = {isa = PBXFileReference; lastKnownFileType = wrapper.framework; name = OpenGLES.framework; path = System/Library/Frameworks/OpenGLES.framework; sourceTree = SDKROOT; };
		A4528F1415BB222F00D675BC /* QuartzCore.framework */ = {isa = PBXFileReference; lastKnownFileType = wrapper.framework; name = QuartzCore.framework; path = System/Library/Frameworks/QuartzCore.framework; sourceTree = SDKROOT; };
		A4528F1715BB223C00D675BC /* CoreMedia.framework */ = {isa = PBXFileReference; lastKnownFileType = wrapper.framework; name = CoreMedia.framework; path = System/Library/Frameworks/CoreMedia.framework; sourceTree = SDKROOT; };
		A4528F4115BB5F5400D675BC /* CoreVideo.framework */ = {isa = PBXFileReference; lastKnownFileType = wrapper.framework; name = CoreVideo.framework; path = System/Library/Frameworks/CoreVideo.framework; sourceTree = SDKROOT; };
		A4528F4315BB5F6000D675BC /* AVFoundation.framework */ = {isa = PBXFileReference; lastKnownFileType = wrapper.framework; name = AVFoundation.framework; path = System/Library/Frameworks/AVFoundation.framework; sourceTree = SDKROOT; };
		A4E7041215BB19210036C98D /* FilterDemoApp.app */ = {isa = PBXFileReference; explicitFileType = wrapper.application; includeInIndex = 0; path = FilterDemoApp.app; sourceTree = BUILT_PRODUCTS_DIR; };
		A4E7041615BB19210036C98D /* UIKit.framework */ = {isa = PBXFileReference; lastKnownFileType = wrapper.framework; name = UIKit.framework; path = System/Library/Frameworks/UIKit.framework; sourceTree = SDKROOT; };
		A4E7041815BB19210036C98D /* Foundation.framework */ = {isa = PBXFileReference; lastKnownFileType = wrapper.framework; name = Foundation.framework; path = System/Library/Frameworks/Foundation.framework; sourceTree = SDKROOT; };
		A4E7041A15BB19210036C98D /* CoreGraphics.framework */ = {isa = PBXFileReference; lastKnownFileType = wrapper.framework; name = CoreGraphics.framework; path = System/Library/Frameworks/CoreGraphics.framework; sourceTree = SDKROOT; };
		A4E7041E15BB19210036C98D /* FilterDemoApp-Info.plist */ = {isa = PBXFileReference; lastKnownFileType = text.plist.xml; path = "FilterDemoApp-Info.plist"; sourceTree = "<group>"; };
		A4E7042015BB19210036C98D /* en */ = {isa = PBXFileReference; lastKnownFileType = text.plist.strings; name = en; path = en.lproj/InfoPlist.strings; sourceTree = "<group>"; };
		A4E7042215BB19210036C98D /* main.m */ = {isa = PBXFileReference; lastKnownFileType = sourcecode.c.objc; path = main.m; sourceTree = "<group>"; };
		A4E7042415BB19210036C98D /* FilterDemoApp-Prefix.pch */ = {isa = PBXFileReference; lastKnownFileType = sourcecode.c.h; path = "FilterDemoApp-Prefix.pch"; sourceTree = "<group>"; };
		A4E7042515BB19210036C98D /* AppDelegate.h */ = {isa = PBXFileReference; lastKnownFileType = sourcecode.c.h; path = AppDelegate.h; sourceTree = "<group>"; };
		A4E7042615BB19210036C98D /* AppDelegate.m */ = {isa = PBXFileReference; lastKnownFileType = sourcecode.c.objc; path = AppDelegate.m; sourceTree = "<group>"; };
		A4E7042815BB19210036C98D /* ViewController.h */ = {isa = PBXFileReference; lastKnownFileType = sourcecode.c.h; path = ViewController.h; sourceTree = "<group>"; };
		A4E7042915BB19210036C98D /* ViewController.m */ = {isa = PBXFileReference; lastKnownFileType = sourcecode.c.objc; path = ViewController.m; sourceTree = "<group>"; };
		A4E7042C15BB19210036C98D /* en */ = {isa = PBXFileReference; lastKnownFileType = file.xib; name = en; path = en.lproj/ViewController.xib; sourceTree = "<group>"; };
		A4E7043315BB193F0036C98D /* FilterKit.xcodeproj */ = {isa = PBXFileReference; lastKnownFileType = "wrapper.pb-project"; name = FilterKit.xcodeproj; path = ../FilterKit/FilterKit.xcodeproj; sourceTree = "<group>"; };
		D063456315BB59330023A18B /* unfiltered@2x.jpg */ = {isa = PBXFileReference; lastKnownFileType = image.jpeg; path = "unfiltered@2x.jpg"; sourceTree = "<group>"; };
		D09374A615BB845000719CF0 /* disk@2x.png */ = {isa = PBXFileReference; lastKnownFileType = image.png; path = "disk@2x.png"; sourceTree = "<group>"; };
		E44F2F0D15BB5AA800B4DDA7 /* cat_burger.jpg */ = {isa = PBXFileReference; lastKnownFileType = image.jpeg; path = cat_burger.jpg; sourceTree = "<group>"; };
		E44F2F0F15BB629200B4DDA7 /* overlay.png */ = {isa = PBXFileReference; lastKnownFileType = image.png; path = overlay.png; sourceTree = "<group>"; };
/* End PBXFileReference section */

/* Begin PBXFrameworksBuildPhase section */
		A4E7040F15BB19210036C98D /* Frameworks */ = {
			isa = PBXFrameworksBuildPhase;
			buildActionMask = 2147483647;
			files = (
				A4528F1215BB212500D675BC /* libFilterKit.a in Frameworks */,
				A4528F4415BB5F6000D675BC /* AVFoundation.framework in Frameworks */,
				A4528F4215BB5F5400D675BC /* CoreVideo.framework in Frameworks */,
				A4528F1815BB223C00D675BC /* CoreMedia.framework in Frameworks */,
				A4528F1515BB222F00D675BC /* OpenGLES.framework in Frameworks */,
				A4528F1615BB222F00D675BC /* QuartzCore.framework in Frameworks */,
				A4E7041715BB19210036C98D /* UIKit.framework in Frameworks */,
				A4E7041915BB19210036C98D /* Foundation.framework in Frameworks */,
				A4E7041B15BB19210036C98D /* CoreGraphics.framework in Frameworks */,
			);
			runOnlyForDeploymentPostprocessing = 0;
		};
/* End PBXFrameworksBuildPhase section */

/* Begin PBXGroup section */
		A4E7040715BB19210036C98D = {
			isa = PBXGroup;
			children = (
				A4528F4315BB5F6000D675BC /* AVFoundation.framework */,
				A4528F4115BB5F5400D675BC /* CoreVideo.framework */,
				A4528F1715BB223C00D675BC /* CoreMedia.framework */,
				A4528F1315BB222F00D675BC /* OpenGLES.framework */,
				A4528F1415BB222F00D675BC /* QuartzCore.framework */,
				A4E7041C15BB19210036C98D /* FilterDemoApp */,
				A4E7041515BB19210036C98D /* Frameworks */,
				A4E7041315BB19210036C98D /* Products */,
			);
			sourceTree = "<group>";
		};
		A4E7041315BB19210036C98D /* Products */ = {
			isa = PBXGroup;
			children = (
				A4E7041215BB19210036C98D /* FilterDemoApp.app */,
			);
			name = Products;
			sourceTree = "<group>";
		};
		A4E7041515BB19210036C98D /* Frameworks */ = {
			isa = PBXGroup;
			children = (
				A4E7043315BB193F0036C98D /* FilterKit.xcodeproj */,
				A4E7041615BB19210036C98D /* UIKit.framework */,
				A4E7041815BB19210036C98D /* Foundation.framework */,
				A4E7041A15BB19210036C98D /* CoreGraphics.framework */,
			);
			name = Frameworks;
			sourceTree = "<group>";
		};
		A4E7041C15BB19210036C98D /* FilterDemoApp */ = {
			isa = PBXGroup;
			children = (
				A4E7042515BB19210036C98D /* AppDelegate.h */,
				A4E7042615BB19210036C98D /* AppDelegate.m */,
				A4E7042815BB19210036C98D /* ViewController.h */,
				A4E7042915BB19210036C98D /* ViewController.m */,
				A4E7042B15BB19210036C98D /* ViewController.xib */,
				D063455E15BB59330023A18B /* Resources */,
				A4E7041D15BB19210036C98D /* Supporting Files */,
			);
			path = FilterDemoApp;
			sourceTree = "<group>";
		};
		A4E7041D15BB19210036C98D /* Supporting Files */ = {
			isa = PBXGroup;
			children = (
				E44F2F0F15BB629200B4DDA7 /* overlay.png */,
				E44F2F0D15BB5AA800B4DDA7 /* cat_burger.jpg */,
				A4E7041E15BB19210036C98D /* FilterDemoApp-Info.plist */,
				A4E7041F15BB19210036C98D /* InfoPlist.strings */,
				A4E7042215BB19210036C98D /* main.m */,
				A4E7042415BB19210036C98D /* FilterDemoApp-Prefix.pch */,
			);
			name = "Supporting Files";
			sourceTree = "<group>";
		};
		A4E7043415BB193F0036C98D /* Products */ = {
			isa = PBXGroup;
			children = (
				A4E7043F15BB193F0036C98D /* libFilterKit.a */,
			);
			name = Products;
			sourceTree = "<group>";
		};
		D063455E15BB59330023A18B /* Resources */ = {
			isa = PBXGroup;
			children = (
				D063455F15BB59330023A18B /* images */,
			);
			path = Resources;
			sourceTree = "<group>";
		};
		D063455F15BB59330023A18B /* images */ = {
			isa = PBXGroup;
			children = (
<<<<<<< HEAD
				D09374A615BB845000719CF0 /* disk@2x.png */,
=======
				8164ECA215BBAB8C0076BF0B /* lightleak-1.jpg */,
				8164ECA315BBAB8C0076BF0B /* lightleak-2.JPG */,
				D063456015BB59330023A18B /* filtered@2x.jpg */,
>>>>>>> light streak filter done
				D063456315BB59330023A18B /* unfiltered@2x.jpg */,
			);
			path = images;
			sourceTree = "<group>";
		};
/* End PBXGroup section */

/* Begin PBXNativeTarget section */
		A4E7041115BB19210036C98D /* FilterDemoApp */ = {
			isa = PBXNativeTarget;
			buildConfigurationList = A4E7043015BB19210036C98D /* Build configuration list for PBXNativeTarget "FilterDemoApp" */;
			buildPhases = (
				A4E7040E15BB19210036C98D /* Sources */,
				A4E7040F15BB19210036C98D /* Frameworks */,
				A4E7041015BB19210036C98D /* Resources */,
			);
			buildRules = (
			);
			dependencies = (
				A4E7044415BB194C0036C98D /* PBXTargetDependency */,
			);
			name = FilterDemoApp;
			productName = FilterDemoApp;
			productReference = A4E7041215BB19210036C98D /* FilterDemoApp.app */;
			productType = "com.apple.product-type.application";
		};
/* End PBXNativeTarget section */

/* Begin PBXProject section */
		A4E7040915BB19210036C98D /* Project object */ = {
			isa = PBXProject;
			attributes = {
				LastUpgradeCheck = 0450;
				ORGANIZATIONNAME = "iOS Dev Camp 2012";
			};
			buildConfigurationList = A4E7040C15BB19210036C98D /* Build configuration list for PBXProject "FilterDemoApp" */;
			compatibilityVersion = "Xcode 3.2";
			developmentRegion = English;
			hasScannedForEncodings = 0;
			knownRegions = (
				en,
			);
			mainGroup = A4E7040715BB19210036C98D;
			productRefGroup = A4E7041315BB19210036C98D /* Products */;
			projectDirPath = "";
			projectReferences = (
				{
					ProductGroup = A4E7043415BB193F0036C98D /* Products */;
					ProjectRef = A4E7043315BB193F0036C98D /* FilterKit.xcodeproj */;
				},
			);
			projectRoot = "";
			targets = (
				A4E7041115BB19210036C98D /* FilterDemoApp */,
			);
		};
/* End PBXProject section */

/* Begin PBXReferenceProxy section */
		A4E7043F15BB193F0036C98D /* libFilterKit.a */ = {
			isa = PBXReferenceProxy;
			fileType = archive.ar;
			path = libFilterKit.a;
			remoteRef = A4E7043E15BB193F0036C98D /* PBXContainerItemProxy */;
			sourceTree = BUILT_PRODUCTS_DIR;
		};
/* End PBXReferenceProxy section */

/* Begin PBXResourcesBuildPhase section */
		A4E7041015BB19210036C98D /* Resources */ = {
			isa = PBXResourcesBuildPhase;
			buildActionMask = 2147483647;
			files = (
				A4E7042115BB19210036C98D /* InfoPlist.strings in Resources */,
				A4E7042D15BB19210036C98D /* ViewController.xib in Resources */,
				D063456715BB59330023A18B /* unfiltered@2x.jpg in Resources */,
				E44F2F0E15BB5AA800B4DDA7 /* cat_burger.jpg in Resources */,
				E44F2F1015BB629200B4DDA7 /* overlay.png in Resources */,
<<<<<<< HEAD
				D09374A715BB845000719CF0 /* disk@2x.png in Resources */,
=======
				8164ECA415BBAB8C0076BF0B /* lightleak-1.jpg in Resources */,
				8164ECA515BBAB8C0076BF0B /* lightleak-2.JPG in Resources */,
>>>>>>> light streak filter done
			);
			runOnlyForDeploymentPostprocessing = 0;
		};
/* End PBXResourcesBuildPhase section */

/* Begin PBXSourcesBuildPhase section */
		A4E7040E15BB19210036C98D /* Sources */ = {
			isa = PBXSourcesBuildPhase;
			buildActionMask = 2147483647;
			files = (
				A4E7042315BB19210036C98D /* main.m in Sources */,
				A4E7042715BB19210036C98D /* AppDelegate.m in Sources */,
				A4E7042A15BB19210036C98D /* ViewController.m in Sources */,
			);
			runOnlyForDeploymentPostprocessing = 0;
		};
/* End PBXSourcesBuildPhase section */

/* Begin PBXTargetDependency section */
		A4E7044415BB194C0036C98D /* PBXTargetDependency */ = {
			isa = PBXTargetDependency;
			name = FilterKit;
			targetProxy = A4E7044315BB194C0036C98D /* PBXContainerItemProxy */;
		};
/* End PBXTargetDependency section */

/* Begin PBXVariantGroup section */
		A4E7041F15BB19210036C98D /* InfoPlist.strings */ = {
			isa = PBXVariantGroup;
			children = (
				A4E7042015BB19210036C98D /* en */,
			);
			name = InfoPlist.strings;
			sourceTree = "<group>";
		};
		A4E7042B15BB19210036C98D /* ViewController.xib */ = {
			isa = PBXVariantGroup;
			children = (
				A4E7042C15BB19210036C98D /* en */,
			);
			name = ViewController.xib;
			sourceTree = "<group>";
		};
/* End PBXVariantGroup section */

/* Begin XCBuildConfiguration section */
		A4E7042E15BB19210036C98D /* Debug */ = {
			isa = XCBuildConfiguration;
			buildSettings = {
				ALWAYS_SEARCH_USER_PATHS = NO;
				CLANG_CXX_LANGUAGE_STANDARD = "gnu++0x";
				CLANG_CXX_LIBRARY = "libc++";
				CLANG_ENABLE_OBJC_ARC = YES;
				CLANG_WARN__DUPLICATE_METHOD_MATCH = YES;
				"CODE_SIGN_IDENTITY[sdk=iphoneos*]" = "iPhone Developer";
				COPY_PHASE_STRIP = NO;
				GCC_C_LANGUAGE_STANDARD = gnu99;
				GCC_DYNAMIC_NO_PIC = NO;
				GCC_OPTIMIZATION_LEVEL = 0;
				GCC_PREPROCESSOR_DEFINITIONS = (
					"DEBUG=1",
					"$(inherited)",
				);
				GCC_SYMBOLS_PRIVATE_EXTERN = NO;
				GCC_WARN_ABOUT_RETURN_TYPE = YES;
				GCC_WARN_UNINITIALIZED_AUTOS = YES;
				GCC_WARN_UNUSED_VARIABLE = YES;
				IPHONEOS_DEPLOYMENT_TARGET = 6.0;
				SDKROOT = iphoneos;
			};
			name = Debug;
		};
		A4E7042F15BB19210036C98D /* Release */ = {
			isa = XCBuildConfiguration;
			buildSettings = {
				ALWAYS_SEARCH_USER_PATHS = NO;
				CLANG_CXX_LANGUAGE_STANDARD = "gnu++0x";
				CLANG_CXX_LIBRARY = "libc++";
				CLANG_ENABLE_OBJC_ARC = YES;
				CLANG_WARN__DUPLICATE_METHOD_MATCH = YES;
				"CODE_SIGN_IDENTITY[sdk=iphoneos*]" = "iPhone Developer";
				COPY_PHASE_STRIP = YES;
				GCC_C_LANGUAGE_STANDARD = gnu99;
				GCC_WARN_ABOUT_RETURN_TYPE = YES;
				GCC_WARN_UNINITIALIZED_AUTOS = YES;
				GCC_WARN_UNUSED_VARIABLE = YES;
				IPHONEOS_DEPLOYMENT_TARGET = 6.0;
				OTHER_CFLAGS = "-DNS_BLOCK_ASSERTIONS=1";
				SDKROOT = iphoneos;
				VALIDATE_PRODUCT = YES;
			};
			name = Release;
		};
		A4E7043115BB19210036C98D /* Debug */ = {
			isa = XCBuildConfiguration;
			buildSettings = {
				GCC_PRECOMPILE_PREFIX_HEADER = YES;
				GCC_PREFIX_HEADER = "FilterDemoApp/FilterDemoApp-Prefix.pch";
				HEADER_SEARCH_PATHS = (
					"\"$(SRCROOT)/../lib/GPUImage/\"/**",
					"\"$(SRCROOT)/../FilterKit/\"/**",
				);
				INFOPLIST_FILE = "FilterDemoApp/FilterDemoApp-Info.plist";
				IPHONEOS_DEPLOYMENT_TARGET = 4.0;
				OTHER_LDFLAGS = (
					"-ObjC",
					"-v",
				);
				PRODUCT_NAME = "$(TARGET_NAME)";
				RUN_CLANG_STATIC_ANALYZER = YES;
				WRAPPER_EXTENSION = app;
			};
			name = Debug;
		};
		A4E7043215BB19210036C98D /* Release */ = {
			isa = XCBuildConfiguration;
			buildSettings = {
				GCC_PRECOMPILE_PREFIX_HEADER = YES;
				GCC_PREFIX_HEADER = "FilterDemoApp/FilterDemoApp-Prefix.pch";
				HEADER_SEARCH_PATHS = (
					"\"$(SRCROOT)/../lib/GPUImage/\"/**",
					"\"$(SRCROOT)/../FilterKit/\"/**",
				);
				INFOPLIST_FILE = "FilterDemoApp/FilterDemoApp-Info.plist";
				IPHONEOS_DEPLOYMENT_TARGET = 4.0;
				OTHER_LDFLAGS = (
					"-ObjC",
					"-v",
				);
				PRODUCT_NAME = "$(TARGET_NAME)";
				WRAPPER_EXTENSION = app;
			};
			name = Release;
		};
/* End XCBuildConfiguration section */

/* Begin XCConfigurationList section */
		A4E7040C15BB19210036C98D /* Build configuration list for PBXProject "FilterDemoApp" */ = {
			isa = XCConfigurationList;
			buildConfigurations = (
				A4E7042E15BB19210036C98D /* Debug */,
				A4E7042F15BB19210036C98D /* Release */,
			);
			defaultConfigurationIsVisible = 0;
			defaultConfigurationName = Release;
		};
		A4E7043015BB19210036C98D /* Build configuration list for PBXNativeTarget "FilterDemoApp" */ = {
			isa = XCConfigurationList;
			buildConfigurations = (
				A4E7043115BB19210036C98D /* Debug */,
				A4E7043215BB19210036C98D /* Release */,
			);
			defaultConfigurationIsVisible = 0;
			defaultConfigurationName = Release;
		};
/* End XCConfigurationList section */
	};
	rootObject = A4E7040915BB19210036C98D /* Project object */;
}
